
Microsoft Visual Studio Solution File, Format Version 12.00
# Visual Studio Version 16
VisualStudioVersion = 16.0.30611.23
MinimumVisualStudioVersion = 10.0.40219.1
Project("{FAE04EC0-301F-11D3-BF4B-00C04F79EFBC}") = "01. NationalCourt", "01. NationalCourt\01. NationalCourt.csproj", "{6B15250F-D027-41DD-B7BB-8B35E1552449}"
EndProject
Project("{FAE04EC0-301F-11D3-BF4B-00C04F79EFBC}") = "02.ShoppingList", "02.ShoppingList\02.ShoppingList.csproj", "{AE2CBEC3-9BA1-49B0-9691-74EB47A6E5BE}"
EndProject
Project("{FAE04EC0-301F-11D3-BF4B-00C04F79EFBC}") = "03.HeartDelivery", "03.HeartDelivery\03.HeartDelivery.csproj", "{EE6D1931-24A1-4A9B-9863-405805775E1F}"
EndProject
Global
	GlobalSection(SolutionConfigurationPlatforms) = preSolution
		Debug|Any CPU = Debug|Any CPU
		Release|Any CPU = Release|Any CPU
	EndGlobalSection
	GlobalSection(ProjectConfigurationPlatforms) = postSolution
		{6B15250F-D027-41DD-B7BB-8B35E1552449}.Debug|Any CPU.ActiveCfg = Debug|Any CPU
		{6B15250F-D027-41DD-B7BB-8B35E1552449}.Debug|Any CPU.Build.0 = Debug|Any CPU
		{6B15250F-D027-41DD-B7BB-8B35E1552449}.Release|Any CPU.ActiveCfg = Release|Any CPU
		{6B15250F-D027-41DD-B7BB-8B35E1552449}.Release|Any CPU.Build.0 = Release|Any CPU
		{AE2CBEC3-9BA1-49B0-9691-74EB47A6E5BE}.Debug|Any CPU.ActiveCfg = Debug|Any CPU
		{AE2CBEC3-9BA1-49B0-9691-74EB47A6E5BE}.Debug|Any CPU.Build.0 = Debug|Any CPU
		{AE2CBEC3-9BA1-49B0-9691-74EB47A6E5BE}.Release|Any CPU.ActiveCfg = Release|Any CPU
		{AE2CBEC3-9BA1-49B0-9691-74EB47A6E5BE}.Release|Any CPU.Build.0 = Release|Any CPU
		{EE6D1931-24A1-4A9B-9863-405805775E1F}.Debug|Any CPU.ActiveCfg = Debug|Any CPU
		{EE6D1931-24A1-4A9B-9863-405805775E1F}.Debug|Any CPU.Build.0 = Debug|Any CPU
		{EE6D1931-24A1-4A9B-9863-405805775E1F}.Release|Any CPU.ActiveCfg = Release|Any CPU
		{EE6D1931-24A1-4A9B-9863-405805775E1F}.Release|Any CPU.Build.0 = Release|Any CPU
	EndGlobalSection
	GlobalSection(SolutionProperties) = preSolution
		HideSolutionNode = FALSE
	EndGlobalSection
	GlobalSection(ExtensibilityGlobals) = postSolution
		SolutionGuid = {9599C2B3-B0B3-4B28-B992-BE0813578458}
	EndGlobalSection
EndGlobal
