
Microsoft Visual Studio Solution File, Format Version 12.00
# Visual Studio Version 16
VisualStudioVersion = 16.0.30611.23
MinimumVisualStudioVersion = 10.0.40219.1
Project("{9A19103F-16F7-4668-BE54-9A1E7A4F7556}") = "01.Problem", "01.Problem\01.Problem.csproj", "{0E2AAAFF-C3A6-4209-BBFA-F9642C51BE01}"
EndProject
Project("{9A19103F-16F7-4668-BE54-9A1E7A4F7556}") = "02.Problem", "02.Problem\02.Problem.csproj", "{DE0D6E0A-7139-4E31-B19D-F66C2D8EC16B}"
EndProject
Project("{9A19103F-16F7-4668-BE54-9A1E7A4F7556}") = "03.Problem", "03.Problem\03.Problem.csproj", "{B7F7EF05-D8C3-4E90-B0FB-1C8E3153DAA8}"
EndProject
Global
	GlobalSection(SolutionConfigurationPlatforms) = preSolution
		Debug|Any CPU = Debug|Any CPU
		Release|Any CPU = Release|Any CPU
	EndGlobalSection
	GlobalSection(ProjectConfigurationPlatforms) = postSolution
		{0E2AAAFF-C3A6-4209-BBFA-F9642C51BE01}.Debug|Any CPU.ActiveCfg = Debug|Any CPU
		{0E2AAAFF-C3A6-4209-BBFA-F9642C51BE01}.Debug|Any CPU.Build.0 = Debug|Any CPU
		{0E2AAAFF-C3A6-4209-BBFA-F9642C51BE01}.Release|Any CPU.ActiveCfg = Release|Any CPU
		{0E2AAAFF-C3A6-4209-BBFA-F9642C51BE01}.Release|Any CPU.Build.0 = Release|Any CPU
		{DE0D6E0A-7139-4E31-B19D-F66C2D8EC16B}.Debug|Any CPU.ActiveCfg = Debug|Any CPU
		{DE0D6E0A-7139-4E31-B19D-F66C2D8EC16B}.Debug|Any CPU.Build.0 = Debug|Any CPU
		{DE0D6E0A-7139-4E31-B19D-F66C2D8EC16B}.Release|Any CPU.ActiveCfg = Release|Any CPU
		{DE0D6E0A-7139-4E31-B19D-F66C2D8EC16B}.Release|Any CPU.Build.0 = Release|Any CPU
		{B7F7EF05-D8C3-4E90-B0FB-1C8E3153DAA8}.Debug|Any CPU.ActiveCfg = Debug|Any CPU
		{B7F7EF05-D8C3-4E90-B0FB-1C8E3153DAA8}.Debug|Any CPU.Build.0 = Debug|Any CPU
		{B7F7EF05-D8C3-4E90-B0FB-1C8E3153DAA8}.Release|Any CPU.ActiveCfg = Release|Any CPU
		{B7F7EF05-D8C3-4E90-B0FB-1C8E3153DAA8}.Release|Any CPU.Build.0 = Release|Any CPU
	EndGlobalSection
	GlobalSection(SolutionProperties) = preSolution
		HideSolutionNode = FALSE
	EndGlobalSection
	GlobalSection(ExtensibilityGlobals) = postSolution
		SolutionGuid = {1D733EDA-BFD2-4550-A2D4-17D8340C6755}
	EndGlobalSection
EndGlobal
