
Microsoft Visual Studio Solution File, Format Version 12.00
# Visual Studio Version 16
VisualStudioVersion = 16.0.31424.327
MinimumVisualStudioVersion = 10.0.40219.1
Project("{9A19103F-16F7-4668-BE54-9A1E7A4F7556}") = "01.DefineAnInterfaceIPerson", "01.DefineAnInterfaceIPerson\01.DefineAnInterfaceIPerson.csproj", "{7367148A-7B01-4852-B21F-6DDA37FA004B}"
EndProject
Project("{9A19103F-16F7-4668-BE54-9A1E7A4F7556}") = "03.Telephony", "03.Telephony\03.Telephony.csproj", "{FFC02E90-F8DF-406B-977C-62CC57276ED9}"
EndProject
Project("{9A19103F-16F7-4668-BE54-9A1E7A4F7556}") = "04.BorderControl", "04.BorderControl\04.BorderControl.csproj", "{B334DB28-1710-4A53-BB20-684E16817CDC}"
EndProject
Project("{9A19103F-16F7-4668-BE54-9A1E7A4F7556}") = "06.FoodShortage", "06.FoodShortage\06.FoodShortage.csproj", "{6567DF0A-E921-4B45-AADD-486A8EBFD738}"
EndProject
Project("{FAE04EC0-301F-11D3-BF4B-00C04F79EFBC}") = "07.MilitaryElite", "07.MilitaryElite\07.MilitaryElite.csproj", "{5DAC5055-9F6F-49B7-A01D-05A68BFEEF14}"
EndProject
Global
	GlobalSection(SolutionConfigurationPlatforms) = preSolution
		Debug|Any CPU = Debug|Any CPU
		Release|Any CPU = Release|Any CPU
	EndGlobalSection
	GlobalSection(ProjectConfigurationPlatforms) = postSolution
		{7367148A-7B01-4852-B21F-6DDA37FA004B}.Debug|Any CPU.ActiveCfg = Debug|Any CPU
		{7367148A-7B01-4852-B21F-6DDA37FA004B}.Debug|Any CPU.Build.0 = Debug|Any CPU
		{7367148A-7B01-4852-B21F-6DDA37FA004B}.Release|Any CPU.ActiveCfg = Release|Any CPU
		{7367148A-7B01-4852-B21F-6DDA37FA004B}.Release|Any CPU.Build.0 = Release|Any CPU
		{FFC02E90-F8DF-406B-977C-62CC57276ED9}.Debug|Any CPU.ActiveCfg = Debug|Any CPU
		{FFC02E90-F8DF-406B-977C-62CC57276ED9}.Debug|Any CPU.Build.0 = Debug|Any CPU
		{FFC02E90-F8DF-406B-977C-62CC57276ED9}.Release|Any CPU.ActiveCfg = Release|Any CPU
		{FFC02E90-F8DF-406B-977C-62CC57276ED9}.Release|Any CPU.Build.0 = Release|Any CPU
		{B334DB28-1710-4A53-BB20-684E16817CDC}.Debug|Any CPU.ActiveCfg = Debug|Any CPU
		{B334DB28-1710-4A53-BB20-684E16817CDC}.Debug|Any CPU.Build.0 = Debug|Any CPU
		{B334DB28-1710-4A53-BB20-684E16817CDC}.Release|Any CPU.ActiveCfg = Release|Any CPU
		{B334DB28-1710-4A53-BB20-684E16817CDC}.Release|Any CPU.Build.0 = Release|Any CPU
		{6567DF0A-E921-4B45-AADD-486A8EBFD738}.Debug|Any CPU.ActiveCfg = Debug|Any CPU
		{6567DF0A-E921-4B45-AADD-486A8EBFD738}.Debug|Any CPU.Build.0 = Debug|Any CPU
		{6567DF0A-E921-4B45-AADD-486A8EBFD738}.Release|Any CPU.ActiveCfg = Release|Any CPU
		{6567DF0A-E921-4B45-AADD-486A8EBFD738}.Release|Any CPU.Build.0 = Release|Any CPU
		{5DAC5055-9F6F-49B7-A01D-05A68BFEEF14}.Debug|Any CPU.ActiveCfg = Debug|Any CPU
		{5DAC5055-9F6F-49B7-A01D-05A68BFEEF14}.Debug|Any CPU.Build.0 = Debug|Any CPU
		{5DAC5055-9F6F-49B7-A01D-05A68BFEEF14}.Release|Any CPU.ActiveCfg = Release|Any CPU
		{5DAC5055-9F6F-49B7-A01D-05A68BFEEF14}.Release|Any CPU.Build.0 = Release|Any CPU
	EndGlobalSection
	GlobalSection(SolutionProperties) = preSolution
		HideSolutionNode = FALSE
	EndGlobalSection
	GlobalSection(ExtensibilityGlobals) = postSolution
		SolutionGuid = {4F526FF1-528D-4F60-9874-2E487C6C985F}
	EndGlobalSection
EndGlobal
