
Microsoft Visual Studio Solution File, Format Version 12.00
# Visual Studio Version 16
VisualStudioVersion = 16.0.31321.278
MinimumVisualStudioVersion = 10.0.40219.1
Project("{9A19103F-16F7-4668-BE54-9A1E7A4F7556}") = "01.TheFightForGondor", "01.TheFightForGondor\01.TheFightForGondor.csproj", "{7D1EA484-147C-40DF-9B7F-D1E3B7DE7FE3}"
EndProject
Project("{9A19103F-16F7-4668-BE54-9A1E7A4F7556}") = "02.Warships", "02.Warships\02.Warships.csproj", "{D36C84A5-4BDB-439E-89F1-51C99096F3BE}"
EndProject
Project("{FAE04EC0-301F-11D3-BF4B-00C04F79EFBC}") = "03.TheRace", "03.TheRace\03.TheRace.csproj", "{46695B80-21F7-4691-9823-793AB9BB47F2}"
EndProject
Global
	GlobalSection(SolutionConfigurationPlatforms) = preSolution
		Debug|Any CPU = Debug|Any CPU
		Release|Any CPU = Release|Any CPU
	EndGlobalSection
	GlobalSection(ProjectConfigurationPlatforms) = postSolution
		{7D1EA484-147C-40DF-9B7F-D1E3B7DE7FE3}.Debug|Any CPU.ActiveCfg = Debug|Any CPU
		{7D1EA484-147C-40DF-9B7F-D1E3B7DE7FE3}.Debug|Any CPU.Build.0 = Debug|Any CPU
		{7D1EA484-147C-40DF-9B7F-D1E3B7DE7FE3}.Release|Any CPU.ActiveCfg = Release|Any CPU
		{7D1EA484-147C-40DF-9B7F-D1E3B7DE7FE3}.Release|Any CPU.Build.0 = Release|Any CPU
		{D36C84A5-4BDB-439E-89F1-51C99096F3BE}.Debug|Any CPU.ActiveCfg = Debug|Any CPU
		{D36C84A5-4BDB-439E-89F1-51C99096F3BE}.Debug|Any CPU.Build.0 = Debug|Any CPU
		{D36C84A5-4BDB-439E-89F1-51C99096F3BE}.Release|Any CPU.ActiveCfg = Release|Any CPU
		{D36C84A5-4BDB-439E-89F1-51C99096F3BE}.Release|Any CPU.Build.0 = Release|Any CPU
		{46695B80-21F7-4691-9823-793AB9BB47F2}.Debug|Any CPU.ActiveCfg = Debug|Any CPU
		{46695B80-21F7-4691-9823-793AB9BB47F2}.Debug|Any CPU.Build.0 = Debug|Any CPU
		{46695B80-21F7-4691-9823-793AB9BB47F2}.Release|Any CPU.ActiveCfg = Release|Any CPU
		{46695B80-21F7-4691-9823-793AB9BB47F2}.Release|Any CPU.Build.0 = Release|Any CPU
	EndGlobalSection
	GlobalSection(SolutionProperties) = preSolution
		HideSolutionNode = FALSE
	EndGlobalSection
	GlobalSection(ExtensibilityGlobals) = postSolution
		SolutionGuid = {52779A9B-72A1-4A69-B412-1B478B8B3285}
	EndGlobalSection
EndGlobal
