
Microsoft Visual Studio Solution File, Format Version 12.00
# Visual Studio Version 16
VisualStudioVersion = 16.0.31321.278
MinimumVisualStudioVersion = 10.0.40219.1
Project("{FAE04EC0-301F-11D3-BF4B-00C04F79EFBC}") = "01.Problem", "01.Problem\01.Problem.csproj", "{01BDA95F-AEC6-49A6-A117-B171ED4B2C2A}"
EndProject
Project("{FAE04EC0-301F-11D3-BF4B-00C04F79EFBC}") = "02.Survivor", "02.Survivor\02.Survivor.csproj", "{2D88639B-8AEC-4772-8E82-DEFD6C34AE72}"
EndProject
Project("{9A19103F-16F7-4668-BE54-9A1E7A4F7556}") = "SkiRental", "SkiRental\SkiRental.csproj", "{0548C726-9392-41E3-80B1-7DF13D3A6735}"
EndProject
Global
	GlobalSection(SolutionConfigurationPlatforms) = preSolution
		Debug|Any CPU = Debug|Any CPU
		Release|Any CPU = Release|Any CPU
	EndGlobalSection
	GlobalSection(ProjectConfigurationPlatforms) = postSolution
		{01BDA95F-AEC6-49A6-A117-B171ED4B2C2A}.Debug|Any CPU.ActiveCfg = Debug|Any CPU
		{01BDA95F-AEC6-49A6-A117-B171ED4B2C2A}.Debug|Any CPU.Build.0 = Debug|Any CPU
		{01BDA95F-AEC6-49A6-A117-B171ED4B2C2A}.Release|Any CPU.ActiveCfg = Release|Any CPU
		{01BDA95F-AEC6-49A6-A117-B171ED4B2C2A}.Release|Any CPU.Build.0 = Release|Any CPU
		{2D88639B-8AEC-4772-8E82-DEFD6C34AE72}.Debug|Any CPU.ActiveCfg = Debug|Any CPU
		{2D88639B-8AEC-4772-8E82-DEFD6C34AE72}.Debug|Any CPU.Build.0 = Debug|Any CPU
		{2D88639B-8AEC-4772-8E82-DEFD6C34AE72}.Release|Any CPU.ActiveCfg = Release|Any CPU
		{2D88639B-8AEC-4772-8E82-DEFD6C34AE72}.Release|Any CPU.Build.0 = Release|Any CPU
		{0548C726-9392-41E3-80B1-7DF13D3A6735}.Debug|Any CPU.ActiveCfg = Debug|Any CPU
		{0548C726-9392-41E3-80B1-7DF13D3A6735}.Debug|Any CPU.Build.0 = Debug|Any CPU
		{0548C726-9392-41E3-80B1-7DF13D3A6735}.Release|Any CPU.ActiveCfg = Release|Any CPU
		{0548C726-9392-41E3-80B1-7DF13D3A6735}.Release|Any CPU.Build.0 = Release|Any CPU
	EndGlobalSection
	GlobalSection(SolutionProperties) = preSolution
		HideSolutionNode = FALSE
	EndGlobalSection
	GlobalSection(ExtensibilityGlobals) = postSolution
		SolutionGuid = {E20468C5-A63C-4258-A04D-729CE6FAD869}
	EndGlobalSection
EndGlobal
