
Microsoft Visual Studio Solution File, Format Version 12.00
# Visual Studio Version 16
VisualStudioVersion = 16.0.30523.141
MinimumVisualStudioVersion = 10.0.40219.1
Project("{9A19103F-16F7-4668-BE54-9A1E7A4F7556}") = "01.SecretChat", "01.SecretChat\01.SecretChat.csproj", "{FC8042DC-B57F-41A3-A05B-38ED7DBF70B9}"
EndProject
Project("{FAE04EC0-301F-11D3-BF4B-00C04F79EFBC}") = "02.MirrorWords", "02.MirrorWords\02.MirrorWords.csproj", "{C9500DFB-FF03-4277-97BF-5A1F6068B4A0}"
EndProject
Project("{FAE04EC0-301F-11D3-BF4B-00C04F79EFBC}") = "03.NeedForSpeedIII", "03.NeedForSpeedIII\03.NeedForSpeedIII.csproj", "{9DA3FB06-8A10-4559-B32B-B0D3ECBD0E28}"
EndProject
Global
	GlobalSection(SolutionConfigurationPlatforms) = preSolution
		Debug|Any CPU = Debug|Any CPU
		Release|Any CPU = Release|Any CPU
	EndGlobalSection
	GlobalSection(ProjectConfigurationPlatforms) = postSolution
		{FC8042DC-B57F-41A3-A05B-38ED7DBF70B9}.Debug|Any CPU.ActiveCfg = Debug|Any CPU
		{FC8042DC-B57F-41A3-A05B-38ED7DBF70B9}.Debug|Any CPU.Build.0 = Debug|Any CPU
		{FC8042DC-B57F-41A3-A05B-38ED7DBF70B9}.Release|Any CPU.ActiveCfg = Release|Any CPU
		{FC8042DC-B57F-41A3-A05B-38ED7DBF70B9}.Release|Any CPU.Build.0 = Release|Any CPU
		{C9500DFB-FF03-4277-97BF-5A1F6068B4A0}.Debug|Any CPU.ActiveCfg = Debug|Any CPU
		{C9500DFB-FF03-4277-97BF-5A1F6068B4A0}.Debug|Any CPU.Build.0 = Debug|Any CPU
		{C9500DFB-FF03-4277-97BF-5A1F6068B4A0}.Release|Any CPU.ActiveCfg = Release|Any CPU
		{C9500DFB-FF03-4277-97BF-5A1F6068B4A0}.Release|Any CPU.Build.0 = Release|Any CPU
		{9DA3FB06-8A10-4559-B32B-B0D3ECBD0E28}.Debug|Any CPU.ActiveCfg = Debug|Any CPU
		{9DA3FB06-8A10-4559-B32B-B0D3ECBD0E28}.Debug|Any CPU.Build.0 = Debug|Any CPU
		{9DA3FB06-8A10-4559-B32B-B0D3ECBD0E28}.Release|Any CPU.ActiveCfg = Release|Any CPU
		{9DA3FB06-8A10-4559-B32B-B0D3ECBD0E28}.Release|Any CPU.Build.0 = Release|Any CPU
	EndGlobalSection
	GlobalSection(SolutionProperties) = preSolution
		HideSolutionNode = FALSE
	EndGlobalSection
	GlobalSection(ExtensibilityGlobals) = postSolution
		SolutionGuid = {A8EBC440-4C95-4A98-AE6C-F5EA8847E59B}
	EndGlobalSection
EndGlobal
