
Microsoft Visual Studio Solution File, Format Version 12.00
# Visual Studio Version 16
VisualStudioVersion = 16.0.30611.23
MinimumVisualStudioVersion = 10.0.40219.1
Project("{FAE04EC0-301F-11D3-BF4B-00C04F79EFBC}") = "01.DataTypeFinder", "01.DataTypeFinder\01.DataTypeFinder.csproj", "{29317A17-30E2-475E-9C97-67B8C7D3BE4A}"
EndProject
Project("{FAE04EC0-301F-11D3-BF4B-00C04F79EFBC}") = "02.FromLeftToTheRight", "02.FromLeftToTheRight\02.FromLeftToTheRight.csproj", "{19D45589-2AD5-4515-B732-A1D57A63F4A5}"
EndProject
Project("{FAE04EC0-301F-11D3-BF4B-00C04F79EFBC}") = "03.FloatingEquality", "03.FloatingEquality\03.FloatingEquality.csproj", "{BC66B35C-9084-445D-A843-E6CAB9717A06}"
EndProject
Project("{FAE04EC0-301F-11D3-BF4B-00C04F79EFBC}") = "04.Refactoring-PrimeChecker", "04.Refactoring-PrimeChecker\04.Refactoring-PrimeChecker.csproj", "{1162E068-FC0E-45F6-A0CA-BD89E30DE1BF}"
EndProject
Project("{FAE04EC0-301F-11D3-BF4B-00C04F79EFBC}") = "05.DecryptingMessage", "05.DecryptingMessage\05.DecryptingMessage.csproj", "{3238B1DF-9CFC-461B-BC14-5FAA97069FF7}"
EndProject
Global
	GlobalSection(SolutionConfigurationPlatforms) = preSolution
		Debug|Any CPU = Debug|Any CPU
		Release|Any CPU = Release|Any CPU
	EndGlobalSection
	GlobalSection(ProjectConfigurationPlatforms) = postSolution
		{29317A17-30E2-475E-9C97-67B8C7D3BE4A}.Debug|Any CPU.ActiveCfg = Debug|Any CPU
		{29317A17-30E2-475E-9C97-67B8C7D3BE4A}.Debug|Any CPU.Build.0 = Debug|Any CPU
		{29317A17-30E2-475E-9C97-67B8C7D3BE4A}.Release|Any CPU.ActiveCfg = Release|Any CPU
		{29317A17-30E2-475E-9C97-67B8C7D3BE4A}.Release|Any CPU.Build.0 = Release|Any CPU
		{19D45589-2AD5-4515-B732-A1D57A63F4A5}.Debug|Any CPU.ActiveCfg = Debug|Any CPU
		{19D45589-2AD5-4515-B732-A1D57A63F4A5}.Debug|Any CPU.Build.0 = Debug|Any CPU
		{19D45589-2AD5-4515-B732-A1D57A63F4A5}.Release|Any CPU.ActiveCfg = Release|Any CPU
		{19D45589-2AD5-4515-B732-A1D57A63F4A5}.Release|Any CPU.Build.0 = Release|Any CPU
		{BC66B35C-9084-445D-A843-E6CAB9717A06}.Debug|Any CPU.ActiveCfg = Debug|Any CPU
		{BC66B35C-9084-445D-A843-E6CAB9717A06}.Debug|Any CPU.Build.0 = Debug|Any CPU
		{BC66B35C-9084-445D-A843-E6CAB9717A06}.Release|Any CPU.ActiveCfg = Release|Any CPU
		{BC66B35C-9084-445D-A843-E6CAB9717A06}.Release|Any CPU.Build.0 = Release|Any CPU
		{1162E068-FC0E-45F6-A0CA-BD89E30DE1BF}.Debug|Any CPU.ActiveCfg = Debug|Any CPU
		{1162E068-FC0E-45F6-A0CA-BD89E30DE1BF}.Debug|Any CPU.Build.0 = Debug|Any CPU
		{1162E068-FC0E-45F6-A0CA-BD89E30DE1BF}.Release|Any CPU.ActiveCfg = Release|Any CPU
		{1162E068-FC0E-45F6-A0CA-BD89E30DE1BF}.Release|Any CPU.Build.0 = Release|Any CPU
		{3238B1DF-9CFC-461B-BC14-5FAA97069FF7}.Debug|Any CPU.ActiveCfg = Debug|Any CPU
		{3238B1DF-9CFC-461B-BC14-5FAA97069FF7}.Debug|Any CPU.Build.0 = Debug|Any CPU
		{3238B1DF-9CFC-461B-BC14-5FAA97069FF7}.Release|Any CPU.ActiveCfg = Release|Any CPU
		{3238B1DF-9CFC-461B-BC14-5FAA97069FF7}.Release|Any CPU.Build.0 = Release|Any CPU
	EndGlobalSection
	GlobalSection(SolutionProperties) = preSolution
		HideSolutionNode = FALSE
	EndGlobalSection
	GlobalSection(ExtensibilityGlobals) = postSolution
		SolutionGuid = {85C7998B-531B-4D66-B8F0-768A93437090}
	EndGlobalSection
EndGlobal
