
Microsoft Visual Studio Solution File, Format Version 12.00
# Visual Studio Version 16
VisualStudioVersion = 16.0.31321.278
MinimumVisualStudioVersion = 10.0.40219.1
Project("{FAE04EC0-301F-11D3-BF4B-00C04F79EFBC}") = "01.SortEvenNumbers", "01.SortEvenNumbers\01.SortEvenNumbers.csproj", "{F923E29D-CAF2-4DAA-8D5F-F77E8A559F97}"
EndProject
Project("{FAE04EC0-301F-11D3-BF4B-00C04F79EFBC}") = "02.SumNumbers", "02.SumNumbers\02.SumNumbers.csproj", "{B4AC1A20-9ABF-4533-A86B-B142BF9E9F15}"
EndProject
Project("{FAE04EC0-301F-11D3-BF4B-00C04F79EFBC}") = "03.CountUppercaseWords", "03.CountUppercaseWords\03.CountUppercaseWords.csproj", "{D038E55E-5669-4861-B518-5C869949CE48}"
EndProject
Project("{FAE04EC0-301F-11D3-BF4B-00C04F79EFBC}") = "04.AddVAT", "04.AddVAT\04.AddVAT.csproj", "{87780474-73A1-4726-A92C-922B3F7C1CED}"
EndProject
Project("{FAE04EC0-301F-11D3-BF4B-00C04F79EFBC}") = "05.FilterByAge", "05.FilterByAge\05.FilterByAge.csproj", "{774C3D37-F7B7-4601-8B96-F9E3B9B70C30}"
EndProject
Global
	GlobalSection(SolutionConfigurationPlatforms) = preSolution
		Debug|Any CPU = Debug|Any CPU
		Release|Any CPU = Release|Any CPU
	EndGlobalSection
	GlobalSection(ProjectConfigurationPlatforms) = postSolution
		{F923E29D-CAF2-4DAA-8D5F-F77E8A559F97}.Debug|Any CPU.ActiveCfg = Debug|Any CPU
		{F923E29D-CAF2-4DAA-8D5F-F77E8A559F97}.Debug|Any CPU.Build.0 = Debug|Any CPU
		{F923E29D-CAF2-4DAA-8D5F-F77E8A559F97}.Release|Any CPU.ActiveCfg = Release|Any CPU
		{F923E29D-CAF2-4DAA-8D5F-F77E8A559F97}.Release|Any CPU.Build.0 = Release|Any CPU
		{B4AC1A20-9ABF-4533-A86B-B142BF9E9F15}.Debug|Any CPU.ActiveCfg = Debug|Any CPU
		{B4AC1A20-9ABF-4533-A86B-B142BF9E9F15}.Debug|Any CPU.Build.0 = Debug|Any CPU
		{B4AC1A20-9ABF-4533-A86B-B142BF9E9F15}.Release|Any CPU.ActiveCfg = Release|Any CPU
		{B4AC1A20-9ABF-4533-A86B-B142BF9E9F15}.Release|Any CPU.Build.0 = Release|Any CPU
		{D038E55E-5669-4861-B518-5C869949CE48}.Debug|Any CPU.ActiveCfg = Debug|Any CPU
		{D038E55E-5669-4861-B518-5C869949CE48}.Debug|Any CPU.Build.0 = Debug|Any CPU
		{D038E55E-5669-4861-B518-5C869949CE48}.Release|Any CPU.ActiveCfg = Release|Any CPU
		{D038E55E-5669-4861-B518-5C869949CE48}.Release|Any CPU.Build.0 = Release|Any CPU
		{87780474-73A1-4726-A92C-922B3F7C1CED}.Debug|Any CPU.ActiveCfg = Debug|Any CPU
		{87780474-73A1-4726-A92C-922B3F7C1CED}.Debug|Any CPU.Build.0 = Debug|Any CPU
		{87780474-73A1-4726-A92C-922B3F7C1CED}.Release|Any CPU.ActiveCfg = Release|Any CPU
		{87780474-73A1-4726-A92C-922B3F7C1CED}.Release|Any CPU.Build.0 = Release|Any CPU
		{774C3D37-F7B7-4601-8B96-F9E3B9B70C30}.Debug|Any CPU.ActiveCfg = Debug|Any CPU
		{774C3D37-F7B7-4601-8B96-F9E3B9B70C30}.Debug|Any CPU.Build.0 = Debug|Any CPU
		{774C3D37-F7B7-4601-8B96-F9E3B9B70C30}.Release|Any CPU.ActiveCfg = Release|Any CPU
		{774C3D37-F7B7-4601-8B96-F9E3B9B70C30}.Release|Any CPU.Build.0 = Release|Any CPU
	EndGlobalSection
	GlobalSection(SolutionProperties) = preSolution
		HideSolutionNode = FALSE
	EndGlobalSection
	GlobalSection(ExtensibilityGlobals) = postSolution
		SolutionGuid = {31A156B2-6094-45D0-99F4-056505272FD3}
	EndGlobalSection
EndGlobal
