
Microsoft Visual Studio Solution File, Format Version 12.00
# Visual Studio Version 16
VisualStudioVersion = 16.0.30611.23
MinimumVisualStudioVersion = 10.0.40219.1
Project("{FAE04EC0-301F-11D3-BF4B-00C04F79EFBC}") = "01.CountRealNumbers", "01.CountRealNumbers\01.CountRealNumbers.csproj", "{7CC4EFE3-86E4-467A-A6DB-C0760C2371FE}"
EndProject
Project("{FAE04EC0-301F-11D3-BF4B-00C04F79EFBC}") = "02.OddOccurrences", "02.OddOccurrences\02.OddOccurrences.csproj", "{73BCA21B-E10C-418F-A12F-5E2B79C07E8A}"
EndProject
Project("{FAE04EC0-301F-11D3-BF4B-00C04F79EFBC}") = "03.WordSynonyms", "03.WordSynonyms\03.WordSynonyms.csproj", "{EE4EDA11-C53F-4018-BB8A-EA4FEC80B875}"
EndProject
Project("{FAE04EC0-301F-11D3-BF4B-00C04F79EFBC}") = "04.Largest3Numbers", "04.Largest3Numbers\04.Largest3Numbers.csproj", "{8215EF95-0EDB-4438-9039-C11249FE1DAA}"
EndProject
Project("{FAE04EC0-301F-11D3-BF4B-00C04F79EFBC}") = "05.WordFilter", "05.WordFilter\05.WordFilter.csproj", "{CEBBFB92-AD97-4200-9F6C-137E1DCB402F}"
EndProject
Global
	GlobalSection(SolutionConfigurationPlatforms) = preSolution
		Debug|Any CPU = Debug|Any CPU
		Release|Any CPU = Release|Any CPU
	EndGlobalSection
	GlobalSection(ProjectConfigurationPlatforms) = postSolution
		{7CC4EFE3-86E4-467A-A6DB-C0760C2371FE}.Debug|Any CPU.ActiveCfg = Debug|Any CPU
		{7CC4EFE3-86E4-467A-A6DB-C0760C2371FE}.Debug|Any CPU.Build.0 = Debug|Any CPU
		{7CC4EFE3-86E4-467A-A6DB-C0760C2371FE}.Release|Any CPU.ActiveCfg = Release|Any CPU
		{7CC4EFE3-86E4-467A-A6DB-C0760C2371FE}.Release|Any CPU.Build.0 = Release|Any CPU
		{73BCA21B-E10C-418F-A12F-5E2B79C07E8A}.Debug|Any CPU.ActiveCfg = Debug|Any CPU
		{73BCA21B-E10C-418F-A12F-5E2B79C07E8A}.Debug|Any CPU.Build.0 = Debug|Any CPU
		{73BCA21B-E10C-418F-A12F-5E2B79C07E8A}.Release|Any CPU.ActiveCfg = Release|Any CPU
		{73BCA21B-E10C-418F-A12F-5E2B79C07E8A}.Release|Any CPU.Build.0 = Release|Any CPU
		{EE4EDA11-C53F-4018-BB8A-EA4FEC80B875}.Debug|Any CPU.ActiveCfg = Debug|Any CPU
		{EE4EDA11-C53F-4018-BB8A-EA4FEC80B875}.Debug|Any CPU.Build.0 = Debug|Any CPU
		{EE4EDA11-C53F-4018-BB8A-EA4FEC80B875}.Release|Any CPU.ActiveCfg = Release|Any CPU
		{EE4EDA11-C53F-4018-BB8A-EA4FEC80B875}.Release|Any CPU.Build.0 = Release|Any CPU
		{8215EF95-0EDB-4438-9039-C11249FE1DAA}.Debug|Any CPU.ActiveCfg = Debug|Any CPU
		{8215EF95-0EDB-4438-9039-C11249FE1DAA}.Debug|Any CPU.Build.0 = Debug|Any CPU
		{8215EF95-0EDB-4438-9039-C11249FE1DAA}.Release|Any CPU.ActiveCfg = Release|Any CPU
		{8215EF95-0EDB-4438-9039-C11249FE1DAA}.Release|Any CPU.Build.0 = Release|Any CPU
		{CEBBFB92-AD97-4200-9F6C-137E1DCB402F}.Debug|Any CPU.ActiveCfg = Debug|Any CPU
		{CEBBFB92-AD97-4200-9F6C-137E1DCB402F}.Debug|Any CPU.Build.0 = Debug|Any CPU
		{CEBBFB92-AD97-4200-9F6C-137E1DCB402F}.Release|Any CPU.ActiveCfg = Release|Any CPU
		{CEBBFB92-AD97-4200-9F6C-137E1DCB402F}.Release|Any CPU.Build.0 = Release|Any CPU
	EndGlobalSection
	GlobalSection(SolutionProperties) = preSolution
		HideSolutionNode = FALSE
	EndGlobalSection
	GlobalSection(ExtensibilityGlobals) = postSolution
		SolutionGuid = {929FFF1B-CC4A-4996-BFEA-3D7A36BC514D}
	EndGlobalSection
EndGlobal
