
Microsoft Visual Studio Solution File, Format Version 12.00
# Visual Studio Version 16
VisualStudioVersion = 16.0.31321.278
MinimumVisualStudioVersion = 10.0.40219.1
Project("{FAE04EC0-301F-11D3-BF4B-00C04F79EFBC}") = "01.Scheduling", "01.Scheduling\01.Scheduling.csproj", "{4FE8E3C7-CE00-4061-A8D0-BAF2B8358C7F}"
EndProject
Project("{FAE04EC0-301F-11D3-BF4B-00C04F79EFBC}") = "02.Garden", "02.Garden\02.Garden.csproj", "{293E47D3-7D2A-4F68-AD8E-CECD3463B3EE}"
EndProject
Project("{FAE04EC0-301F-11D3-BF4B-00C04F79EFBC}") = "ClassroomProject", "ClassroomProject\ClassroomProject.csproj", "{102B230B-FE6C-4C64-BD4F-F7D39C0B9B05}"
EndProject
Global
	GlobalSection(SolutionConfigurationPlatforms) = preSolution
		Debug|Any CPU = Debug|Any CPU
		Release|Any CPU = Release|Any CPU
	EndGlobalSection
	GlobalSection(ProjectConfigurationPlatforms) = postSolution
		{4FE8E3C7-CE00-4061-A8D0-BAF2B8358C7F}.Debug|Any CPU.ActiveCfg = Debug|Any CPU
		{4FE8E3C7-CE00-4061-A8D0-BAF2B8358C7F}.Debug|Any CPU.Build.0 = Debug|Any CPU
		{4FE8E3C7-CE00-4061-A8D0-BAF2B8358C7F}.Release|Any CPU.ActiveCfg = Release|Any CPU
		{4FE8E3C7-CE00-4061-A8D0-BAF2B8358C7F}.Release|Any CPU.Build.0 = Release|Any CPU
		{293E47D3-7D2A-4F68-AD8E-CECD3463B3EE}.Debug|Any CPU.ActiveCfg = Debug|Any CPU
		{293E47D3-7D2A-4F68-AD8E-CECD3463B3EE}.Debug|Any CPU.Build.0 = Debug|Any CPU
		{293E47D3-7D2A-4F68-AD8E-CECD3463B3EE}.Release|Any CPU.ActiveCfg = Release|Any CPU
		{293E47D3-7D2A-4F68-AD8E-CECD3463B3EE}.Release|Any CPU.Build.0 = Release|Any CPU
		{102B230B-FE6C-4C64-BD4F-F7D39C0B9B05}.Debug|Any CPU.ActiveCfg = Debug|Any CPU
		{102B230B-FE6C-4C64-BD4F-F7D39C0B9B05}.Debug|Any CPU.Build.0 = Debug|Any CPU
		{102B230B-FE6C-4C64-BD4F-F7D39C0B9B05}.Release|Any CPU.ActiveCfg = Release|Any CPU
		{102B230B-FE6C-4C64-BD4F-F7D39C0B9B05}.Release|Any CPU.Build.0 = Release|Any CPU
	EndGlobalSection
	GlobalSection(SolutionProperties) = preSolution
		HideSolutionNode = FALSE
	EndGlobalSection
	GlobalSection(ExtensibilityGlobals) = postSolution
		SolutionGuid = {E34713BE-924B-4447-B9BC-A733C685BBFF}
	EndGlobalSection
EndGlobal
