
Microsoft Visual Studio Solution File, Format Version 12.00
# Visual Studio Version 16
VisualStudioVersion = 16.0.31321.278
MinimumVisualStudioVersion = 10.0.40219.1
Project("{FAE04EC0-301F-11D3-BF4B-00C04F79EFBC}") = "01.Lootbox", "01.Lootbox\01.Lootbox.csproj", "{4B5ACD09-226B-4B46-A193-442F08ADA0B4}"
EndProject
Project("{FAE04EC0-301F-11D3-BF4B-00C04F79EFBC}") = "02.Re-Volt", "02.Re-Volt\02.Re-Volt.csproj", "{1BD9AA23-99CF-4108-B4B9-9CCCD1C82E7E}"
EndProject
Project("{9A19103F-16F7-4668-BE54-9A1E7A4F7556}") = "Guild", "Guild\Guild.csproj", "{3CD39F90-6080-43B1-92ED-EFF2F9EBA60D}"
EndProject
Global
	GlobalSection(SolutionConfigurationPlatforms) = preSolution
		Debug|Any CPU = Debug|Any CPU
		Release|Any CPU = Release|Any CPU
	EndGlobalSection
	GlobalSection(ProjectConfigurationPlatforms) = postSolution
		{4B5ACD09-226B-4B46-A193-442F08ADA0B4}.Debug|Any CPU.ActiveCfg = Debug|Any CPU
		{4B5ACD09-226B-4B46-A193-442F08ADA0B4}.Debug|Any CPU.Build.0 = Debug|Any CPU
		{4B5ACD09-226B-4B46-A193-442F08ADA0B4}.Release|Any CPU.ActiveCfg = Release|Any CPU
		{4B5ACD09-226B-4B46-A193-442F08ADA0B4}.Release|Any CPU.Build.0 = Release|Any CPU
		{1BD9AA23-99CF-4108-B4B9-9CCCD1C82E7E}.Debug|Any CPU.ActiveCfg = Debug|Any CPU
		{1BD9AA23-99CF-4108-B4B9-9CCCD1C82E7E}.Debug|Any CPU.Build.0 = Debug|Any CPU
		{1BD9AA23-99CF-4108-B4B9-9CCCD1C82E7E}.Release|Any CPU.ActiveCfg = Release|Any CPU
		{1BD9AA23-99CF-4108-B4B9-9CCCD1C82E7E}.Release|Any CPU.Build.0 = Release|Any CPU
		{3CD39F90-6080-43B1-92ED-EFF2F9EBA60D}.Debug|Any CPU.ActiveCfg = Debug|Any CPU
		{3CD39F90-6080-43B1-92ED-EFF2F9EBA60D}.Debug|Any CPU.Build.0 = Debug|Any CPU
		{3CD39F90-6080-43B1-92ED-EFF2F9EBA60D}.Release|Any CPU.ActiveCfg = Release|Any CPU
		{3CD39F90-6080-43B1-92ED-EFF2F9EBA60D}.Release|Any CPU.Build.0 = Release|Any CPU
	EndGlobalSection
	GlobalSection(SolutionProperties) = preSolution
		HideSolutionNode = FALSE
	EndGlobalSection
	GlobalSection(ExtensibilityGlobals) = postSolution
		SolutionGuid = {FD29856B-99DC-456A-B0C5-5E1D8EDE51A4}
	EndGlobalSection
EndGlobal
