
Microsoft Visual Studio Solution File, Format Version 12.00
# Visual Studio Version 16
VisualStudioVersion = 16.0.31424.327
MinimumVisualStudioVersion = 10.0.40219.1
Project("{9A19103F-16F7-4668-BE54-9A1E7A4F7556}") = "01.Vehicles", "01.Vehicles\01.Vehicles.csproj", "{C315A8EE-CE9B-4F09-9725-67261AFB32ED}"
EndProject
Project("{9A19103F-16F7-4668-BE54-9A1E7A4F7556}") = "03.Raiding", "03.Raiding\03.Raiding.csproj", "{51E46F05-BE69-4A17-9383-EC58769EC4E9}"
EndProject
Project("{FAE04EC0-301F-11D3-BF4B-00C04F79EFBC}") = "04.WildFarm", "04.WildFarm\04.WildFarm.csproj", "{233C4E40-0954-4E0A-BFC8-0F5636DA6E63}"
EndProject
Global
	GlobalSection(SolutionConfigurationPlatforms) = preSolution
		Debug|Any CPU = Debug|Any CPU
		Release|Any CPU = Release|Any CPU
	EndGlobalSection
	GlobalSection(ProjectConfigurationPlatforms) = postSolution
		{C315A8EE-CE9B-4F09-9725-67261AFB32ED}.Debug|Any CPU.ActiveCfg = Debug|Any CPU
		{C315A8EE-CE9B-4F09-9725-67261AFB32ED}.Debug|Any CPU.Build.0 = Debug|Any CPU
		{C315A8EE-CE9B-4F09-9725-67261AFB32ED}.Release|Any CPU.ActiveCfg = Release|Any CPU
		{C315A8EE-CE9B-4F09-9725-67261AFB32ED}.Release|Any CPU.Build.0 = Release|Any CPU
		{51E46F05-BE69-4A17-9383-EC58769EC4E9}.Debug|Any CPU.ActiveCfg = Debug|Any CPU
		{51E46F05-BE69-4A17-9383-EC58769EC4E9}.Debug|Any CPU.Build.0 = Debug|Any CPU
		{51E46F05-BE69-4A17-9383-EC58769EC4E9}.Release|Any CPU.ActiveCfg = Release|Any CPU
		{51E46F05-BE69-4A17-9383-EC58769EC4E9}.Release|Any CPU.Build.0 = Release|Any CPU
		{233C4E40-0954-4E0A-BFC8-0F5636DA6E63}.Debug|Any CPU.ActiveCfg = Debug|Any CPU
		{233C4E40-0954-4E0A-BFC8-0F5636DA6E63}.Debug|Any CPU.Build.0 = Debug|Any CPU
		{233C4E40-0954-4E0A-BFC8-0F5636DA6E63}.Release|Any CPU.ActiveCfg = Release|Any CPU
		{233C4E40-0954-4E0A-BFC8-0F5636DA6E63}.Release|Any CPU.Build.0 = Release|Any CPU
	EndGlobalSection
	GlobalSection(SolutionProperties) = preSolution
		HideSolutionNode = FALSE
	EndGlobalSection
	GlobalSection(ExtensibilityGlobals) = postSolution
		SolutionGuid = {0CABD26D-E8AD-4F97-85DA-E0B3DC985282}
	EndGlobalSection
EndGlobal
